// !$*UTF8*$!
{
	archiveVersion = 1;
	classes = {
	};
	objectVersion = 50;
	objects = {

/* Begin PBXBuildFile section */
		0341AE402619B7E700FFC68E /* DailyIntakeTypeCollectionViewCell.swift in Sources */ = {isa = PBXBuildFile; fileRef = 0341AE3F2619B7E700FFC68E /* DailyIntakeTypeCollectionViewCell.swift */; };
		0341AE432619BB3300FFC68E /* DailyInTake.swift in Sources */ = {isa = PBXBuildFile; fileRef = 0341AE422619BB3300FFC68E /* DailyInTake.swift */; };
		039024802616268C00BEE919 /* AppDelegate.swift in Sources */ = {isa = PBXBuildFile; fileRef = 0390247F2616268C00BEE919 /* AppDelegate.swift */; };
		039024822616268C00BEE919 /* SceneDelegate.swift in Sources */ = {isa = PBXBuildFile; fileRef = 039024812616268C00BEE919 /* SceneDelegate.swift */; };
		039024872616268C00BEE919 /* Main.storyboard in Resources */ = {isa = PBXBuildFile; fileRef = 039024852616268C00BEE919 /* Main.storyboard */; };
		0390248A2616268C00BEE919 /* DhelpApp.xcdatamodeld in Sources */ = {isa = PBXBuildFile; fileRef = 039024882616268C00BEE919 /* DhelpApp.xcdatamodeld */; };
		0390248C2616268D00BEE919 /* Assets.xcassets in Resources */ = {isa = PBXBuildFile; fileRef = 0390248B2616268D00BEE919 /* Assets.xcassets */; };
		0390248F2616268D00BEE919 /* LaunchScreen.storyboard in Resources */ = {isa = PBXBuildFile; fileRef = 0390248D2616268D00BEE919 /* LaunchScreen.storyboard */; };
		0390249C2616276C00BEE919 /* Ingredients.json in Resources */ = {isa = PBXBuildFile; fileRef = 0390249B2616276C00BEE919 /* Ingredients.json */; };
		039024A026162B3700BEE919 /* HomeViewController.swift in Sources */ = {isa = PBXBuildFile; fileRef = 0390249F26162B3700BEE919 /* HomeViewController.swift */; };
		039024A826162DF900BEE919 /* Ingredient.swift in Sources */ = {isa = PBXBuildFile; fileRef = 039024A726162DF900BEE919 /* Ingredient.swift */; };
		039024B026162FFA00BEE919 /* HistoryViewController.swift in Sources */ = {isa = PBXBuildFile; fileRef = 039024AF26162FFA00BEE919 /* HistoryViewController.swift */; };
		039024B42616300300BEE919 /* ProfileViewController.swift in Sources */ = {isa = PBXBuildFile; fileRef = 039024B32616300300BEE919 /* ProfileViewController.swift */; };
/* End PBXBuildFile section */

/* Begin PBXFileReference section */
		0341AE3F2619B7E700FFC68E /* DailyIntakeTypeCollectionViewCell.swift */ = {isa = PBXFileReference; lastKnownFileType = sourcecode.swift; path = DailyIntakeTypeCollectionViewCell.swift; sourceTree = "<group>"; };
		0341AE422619BB3300FFC68E /* DailyInTake.swift */ = {isa = PBXFileReference; lastKnownFileType = sourcecode.swift; path = DailyInTake.swift; sourceTree = "<group>"; };
		0390247C2616268C00BEE919 /* DhelpApp.app */ = {isa = PBXFileReference; explicitFileType = wrapper.application; includeInIndex = 0; path = DhelpApp.app; sourceTree = BUILT_PRODUCTS_DIR; };
		0390247F2616268C00BEE919 /* AppDelegate.swift */ = {isa = PBXFileReference; lastKnownFileType = sourcecode.swift; path = AppDelegate.swift; sourceTree = "<group>"; };
		039024812616268C00BEE919 /* SceneDelegate.swift */ = {isa = PBXFileReference; lastKnownFileType = sourcecode.swift; path = SceneDelegate.swift; sourceTree = "<group>"; };
		039024862616268C00BEE919 /* Base */ = {isa = PBXFileReference; lastKnownFileType = file.storyboard; name = Base; path = Base.lproj/Main.storyboard; sourceTree = "<group>"; };
		039024892616268C00BEE919 /* DhelpApp.xcdatamodel */ = {isa = PBXFileReference; lastKnownFileType = wrapper.xcdatamodel; path = DhelpApp.xcdatamodel; sourceTree = "<group>"; };
		0390248B2616268D00BEE919 /* Assets.xcassets */ = {isa = PBXFileReference; lastKnownFileType = folder.assetcatalog; path = Assets.xcassets; sourceTree = "<group>"; };
		0390248E2616268D00BEE919 /* Base */ = {isa = PBXFileReference; lastKnownFileType = file.storyboard; name = Base; path = Base.lproj/LaunchScreen.storyboard; sourceTree = "<group>"; };
		039024902616268D00BEE919 /* Info.plist */ = {isa = PBXFileReference; lastKnownFileType = text.plist.xml; path = Info.plist; sourceTree = "<group>"; };
		0390249B2616276C00BEE919 /* Ingredients.json */ = {isa = PBXFileReference; fileEncoding = 4; lastKnownFileType = text.json; name = Ingredients.json; path = DhelpApp/JSON/Ingredients.json; sourceTree = SOURCE_ROOT; };
		0390249F26162B3700BEE919 /* HomeViewController.swift */ = {isa = PBXFileReference; lastKnownFileType = sourcecode.swift; path = HomeViewController.swift; sourceTree = "<group>"; };
		039024A726162DF900BEE919 /* Ingredient.swift */ = {isa = PBXFileReference; lastKnownFileType = sourcecode.swift; path = Ingredient.swift; sourceTree = "<group>"; };
		039024AF26162FFA00BEE919 /* HistoryViewController.swift */ = {isa = PBXFileReference; lastKnownFileType = sourcecode.swift; path = HistoryViewController.swift; sourceTree = "<group>"; };
		039024B32616300300BEE919 /* ProfileViewController.swift */ = {isa = PBXFileReference; lastKnownFileType = sourcecode.swift; path = ProfileViewController.swift; sourceTree = "<group>"; };
/* End PBXFileReference section */

/* Begin PBXFrameworksBuildPhase section */
		039024792616268C00BEE919 /* Frameworks */ = {
			isa = PBXFrameworksBuildPhase;
			buildActionMask = 2147483647;
			files = (
			);
			runOnlyForDeploymentPostprocessing = 0;
		};
/* End PBXFrameworksBuildPhase section */

/* Begin PBXGroup section */
		039024732616268C00BEE919 = {
			isa = PBXGroup;
			children = (
				0390247E2616268C00BEE919 /* DhelpApp */,
				0390247D2616268C00BEE919 /* Products */,
			);
			sourceTree = "<group>";
		};
		0390247D2616268C00BEE919 /* Products */ = {
			isa = PBXGroup;
			children = (
				0390247C2616268C00BEE919 /* DhelpApp.app */,
			);
			name = Products;
			sourceTree = "<group>";
		};
		0390247E2616268C00BEE919 /* DhelpApp */ = {
			isa = PBXGroup;
			children = (
				0390249A2616275B00BEE919 /* JSON */,
				039024972616273600BEE919 /* Model */,
				039024AA26162E6B00BEE919 /* View */,
				0390247F2616268C00BEE919 /* AppDelegate.swift */,
				039024812616268C00BEE919 /* SceneDelegate.swift */,
				039024852616268C00BEE919 /* Main.storyboard */,
				0390248B2616268D00BEE919 /* Assets.xcassets */,
				0390248D2616268D00BEE919 /* LaunchScreen.storyboard */,
				039024902616268D00BEE919 /* Info.plist */,
				039024882616268C00BEE919 /* DhelpApp.xcdatamodeld */,
			);
			path = DhelpApp;
			sourceTree = "<group>";
		};
		039024972616273600BEE919 /* Model */ = {
			isa = PBXGroup;
			children = (
				039024A726162DF900BEE919 /* Ingredient.swift */,
				0341AE422619BB3300FFC68E /* DailyInTake.swift */,
			);
			path = Model;
			sourceTree = "<group>";
		};
		0390249A2616275B00BEE919 /* JSON */ = {
			isa = PBXGroup;
			children = (
				0390249B2616276C00BEE919 /* Ingredients.json */,
			);
			path = JSON;
			sourceTree = "<group>";
		};
		039024AA26162E6B00BEE919 /* View */ = {
			isa = PBXGroup;
			children = (
				039024AE26162FEC00BEE919 /* Profile */,
				039024AD26162FDD00BEE919 /* History */,
				039024AB26162E8200BEE919 /* Home */,
			);
			path = View;
			sourceTree = "<group>";
		};
		039024AB26162E8200BEE919 /* Home */ = {
			isa = PBXGroup;
			children = (
				0390249F26162B3700BEE919 /* HomeViewController.swift */,
				0341AE3F2619B7E700FFC68E /* DailyIntakeTypeCollectionViewCell.swift */,
			);
			path = Home;
			sourceTree = "<group>";
		};
		039024AD26162FDD00BEE919 /* History */ = {
			isa = PBXGroup;
			children = (
				039024AF26162FFA00BEE919 /* HistoryViewController.swift */,
			);
			path = History;
			sourceTree = "<group>";
		};
		039024AE26162FEC00BEE919 /* Profile */ = {
			isa = PBXGroup;
			children = (
				039024B32616300300BEE919 /* ProfileViewController.swift */,
			);
			path = Profile;
			sourceTree = "<group>";
		};
/* End PBXGroup section */

/* Begin PBXNativeTarget section */
		0390247B2616268C00BEE919 /* DhelpApp */ = {
			isa = PBXNativeTarget;
			buildConfigurationList = 039024932616268D00BEE919 /* Build configuration list for PBXNativeTarget "DhelpApp" */;
			buildPhases = (
				039024782616268C00BEE919 /* Sources */,
				039024792616268C00BEE919 /* Frameworks */,
				0390247A2616268C00BEE919 /* Resources */,
			);
			buildRules = (
			);
			dependencies = (
			);
			name = DhelpApp;
			productName = DhelpApp;
			productReference = 0390247C2616268C00BEE919 /* DhelpApp.app */;
			productType = "com.apple.product-type.application";
		};
/* End PBXNativeTarget section */

/* Begin PBXProject section */
		039024742616268C00BEE919 /* Project object */ = {
			isa = PBXProject;
			attributes = {
				LastSwiftUpdateCheck = 1240;
				LastUpgradeCheck = 1240;
				TargetAttributes = {
					0390247B2616268C00BEE919 = {
						CreatedOnToolsVersion = 12.4;
					};
				};
			};
			buildConfigurationList = 039024772616268C00BEE919 /* Build configuration list for PBXProject "DhelpApp" */;
			compatibilityVersion = "Xcode 9.3";
			developmentRegion = en;
			hasScannedForEncodings = 0;
			knownRegions = (
				en,
				Base,
			);
			mainGroup = 039024732616268C00BEE919;
			productRefGroup = 0390247D2616268C00BEE919 /* Products */;
			projectDirPath = "";
			projectRoot = "";
			targets = (
				0390247B2616268C00BEE919 /* DhelpApp */,
			);
		};
/* End PBXProject section */

/* Begin PBXResourcesBuildPhase section */
		0390247A2616268C00BEE919 /* Resources */ = {
			isa = PBXResourcesBuildPhase;
			buildActionMask = 2147483647;
			files = (
				0390249C2616276C00BEE919 /* Ingredients.json in Resources */,
				0390248F2616268D00BEE919 /* LaunchScreen.storyboard in Resources */,
				0390248C2616268D00BEE919 /* Assets.xcassets in Resources */,
				039024872616268C00BEE919 /* Main.storyboard in Resources */,
			);
			runOnlyForDeploymentPostprocessing = 0;
		};
/* End PBXResourcesBuildPhase section */

/* Begin PBXSourcesBuildPhase section */
		039024782616268C00BEE919 /* Sources */ = {
			isa = PBXSourcesBuildPhase;
			buildActionMask = 2147483647;
			files = (
				039024802616268C00BEE919 /* AppDelegate.swift in Sources */,
				039024822616268C00BEE919 /* SceneDelegate.swift in Sources */,
				0341AE402619B7E700FFC68E /* DailyIntakeTypeCollectionViewCell.swift in Sources */,
				039024A826162DF900BEE919 /* Ingredient.swift in Sources */,
				039024B026162FFA00BEE919 /* HistoryViewController.swift in Sources */,
				039024B42616300300BEE919 /* ProfileViewController.swift in Sources */,
				0341AE432619BB3300FFC68E /* DailyInTake.swift in Sources */,
				0390248A2616268C00BEE919 /* DhelpApp.xcdatamodeld in Sources */,
				039024A026162B3700BEE919 /* HomeViewController.swift in Sources */,
			);
			runOnlyForDeploymentPostprocessing = 0;
		};
/* End PBXSourcesBuildPhase section */

/* Begin PBXVariantGroup section */
		039024852616268C00BEE919 /* Main.storyboard */ = {
			isa = PBXVariantGroup;
			children = (
				039024862616268C00BEE919 /* Base */,
			);
			name = Main.storyboard;
			sourceTree = "<group>";
		};
		0390248D2616268D00BEE919 /* LaunchScreen.storyboard */ = {
			isa = PBXVariantGroup;
			children = (
				0390248E2616268D00BEE919 /* Base */,
			);
			name = LaunchScreen.storyboard;
			sourceTree = "<group>";
		};
/* End PBXVariantGroup section */

/* Begin XCBuildConfiguration section */
		039024912616268D00BEE919 /* Debug */ = {
			isa = XCBuildConfiguration;
			buildSettings = {
				ALWAYS_SEARCH_USER_PATHS = NO;
				CLANG_ANALYZER_NONNULL = YES;
				CLANG_ANALYZER_NUMBER_OBJECT_CONVERSION = YES_AGGRESSIVE;
				CLANG_CXX_LANGUAGE_STANDARD = "gnu++14";
				CLANG_CXX_LIBRARY = "libc++";
				CLANG_ENABLE_MODULES = YES;
				CLANG_ENABLE_OBJC_ARC = YES;
				CLANG_ENABLE_OBJC_WEAK = YES;
				CLANG_WARN_BLOCK_CAPTURE_AUTORELEASING = YES;
				CLANG_WARN_BOOL_CONVERSION = YES;
				CLANG_WARN_COMMA = YES;
				CLANG_WARN_CONSTANT_CONVERSION = YES;
				CLANG_WARN_DEPRECATED_OBJC_IMPLEMENTATIONS = YES;
				CLANG_WARN_DIRECT_OBJC_ISA_USAGE = YES_ERROR;
				CLANG_WARN_DOCUMENTATION_COMMENTS = YES;
				CLANG_WARN_EMPTY_BODY = YES;
				CLANG_WARN_ENUM_CONVERSION = YES;
				CLANG_WARN_INFINITE_RECURSION = YES;
				CLANG_WARN_INT_CONVERSION = YES;
				CLANG_WARN_NON_LITERAL_NULL_CONVERSION = YES;
				CLANG_WARN_OBJC_IMPLICIT_RETAIN_SELF = YES;
				CLANG_WARN_OBJC_LITERAL_CONVERSION = YES;
				CLANG_WARN_OBJC_ROOT_CLASS = YES_ERROR;
				CLANG_WARN_QUOTED_INCLUDE_IN_FRAMEWORK_HEADER = YES;
				CLANG_WARN_RANGE_LOOP_ANALYSIS = YES;
				CLANG_WARN_STRICT_PROTOTYPES = YES;
				CLANG_WARN_SUSPICIOUS_MOVE = YES;
				CLANG_WARN_UNGUARDED_AVAILABILITY = YES_AGGRESSIVE;
				CLANG_WARN_UNREACHABLE_CODE = YES;
				CLANG_WARN__DUPLICATE_METHOD_MATCH = YES;
				COPY_PHASE_STRIP = NO;
				DEBUG_INFORMATION_FORMAT = dwarf;
				ENABLE_STRICT_OBJC_MSGSEND = YES;
				ENABLE_TESTABILITY = YES;
				GCC_C_LANGUAGE_STANDARD = gnu11;
				GCC_DYNAMIC_NO_PIC = NO;
				GCC_NO_COMMON_BLOCKS = YES;
				GCC_OPTIMIZATION_LEVEL = 0;
				GCC_PREPROCESSOR_DEFINITIONS = (
					"DEBUG=1",
					"$(inherited)",
				);
				GCC_WARN_64_TO_32_BIT_CONVERSION = YES;
				GCC_WARN_ABOUT_RETURN_TYPE = YES_ERROR;
				GCC_WARN_UNDECLARED_SELECTOR = YES;
				GCC_WARN_UNINITIALIZED_AUTOS = YES_AGGRESSIVE;
				GCC_WARN_UNUSED_FUNCTION = YES;
				GCC_WARN_UNUSED_VARIABLE = YES;
				IPHONEOS_DEPLOYMENT_TARGET = 14.4;
				MTL_ENABLE_DEBUG_INFO = INCLUDE_SOURCE;
				MTL_FAST_MATH = YES;
				ONLY_ACTIVE_ARCH = YES;
				SDKROOT = iphoneos;
				SWIFT_ACTIVE_COMPILATION_CONDITIONS = DEBUG;
				SWIFT_OPTIMIZATION_LEVEL = "-Onone";
			};
			name = Debug;
		};
		039024922616268D00BEE919 /* Release */ = {
			isa = XCBuildConfiguration;
			buildSettings = {
				ALWAYS_SEARCH_USER_PATHS = NO;
				CLANG_ANALYZER_NONNULL = YES;
				CLANG_ANALYZER_NUMBER_OBJECT_CONVERSION = YES_AGGRESSIVE;
				CLANG_CXX_LANGUAGE_STANDARD = "gnu++14";
				CLANG_CXX_LIBRARY = "libc++";
				CLANG_ENABLE_MODULES = YES;
				CLANG_ENABLE_OBJC_ARC = YES;
				CLANG_ENABLE_OBJC_WEAK = YES;
				CLANG_WARN_BLOCK_CAPTURE_AUTORELEASING = YES;
				CLANG_WARN_BOOL_CONVERSION = YES;
				CLANG_WARN_COMMA = YES;
				CLANG_WARN_CONSTANT_CONVERSION = YES;
				CLANG_WARN_DEPRECATED_OBJC_IMPLEMENTATIONS = YES;
				CLANG_WARN_DIRECT_OBJC_ISA_USAGE = YES_ERROR;
				CLANG_WARN_DOCUMENTATION_COMMENTS = YES;
				CLANG_WARN_EMPTY_BODY = YES;
				CLANG_WARN_ENUM_CONVERSION = YES;
				CLANG_WARN_INFINITE_RECURSION = YES;
				CLANG_WARN_INT_CONVERSION = YES;
				CLANG_WARN_NON_LITERAL_NULL_CONVERSION = YES;
				CLANG_WARN_OBJC_IMPLICIT_RETAIN_SELF = YES;
				CLANG_WARN_OBJC_LITERAL_CONVERSION = YES;
				CLANG_WARN_OBJC_ROOT_CLASS = YES_ERROR;
				CLANG_WARN_QUOTED_INCLUDE_IN_FRAMEWORK_HEADER = YES;
				CLANG_WARN_RANGE_LOOP_ANALYSIS = YES;
				CLANG_WARN_STRICT_PROTOTYPES = YES;
				CLANG_WARN_SUSPICIOUS_MOVE = YES;
				CLANG_WARN_UNGUARDED_AVAILABILITY = YES_AGGRESSIVE;
				CLANG_WARN_UNREACHABLE_CODE = YES;
				CLANG_WARN__DUPLICATE_METHOD_MATCH = YES;
				COPY_PHASE_STRIP = NO;
				DEBUG_INFORMATION_FORMAT = "dwarf-with-dsym";
				ENABLE_NS_ASSERTIONS = NO;
				ENABLE_STRICT_OBJC_MSGSEND = YES;
				GCC_C_LANGUAGE_STANDARD = gnu11;
				GCC_NO_COMMON_BLOCKS = YES;
				GCC_WARN_64_TO_32_BIT_CONVERSION = YES;
				GCC_WARN_ABOUT_RETURN_TYPE = YES_ERROR;
				GCC_WARN_UNDECLARED_SELECTOR = YES;
				GCC_WARN_UNINITIALIZED_AUTOS = YES_AGGRESSIVE;
				GCC_WARN_UNUSED_FUNCTION = YES;
				GCC_WARN_UNUSED_VARIABLE = YES;
				IPHONEOS_DEPLOYMENT_TARGET = 14.4;
				MTL_ENABLE_DEBUG_INFO = NO;
				MTL_FAST_MATH = YES;
				SDKROOT = iphoneos;
				SWIFT_COMPILATION_MODE = wholemodule;
				SWIFT_OPTIMIZATION_LEVEL = "-O";
				VALIDATE_PRODUCT = YES;
			};
			name = Release;
		};
		039024942616268D00BEE919 /* Debug */ = {
			isa = XCBuildConfiguration;
			buildSettings = {
				ASSETCATALOG_COMPILER_APPICON_NAME = AppIcon;
				ASSETCATALOG_COMPILER_GLOBAL_ACCENT_COLOR_NAME = AccentColor;
				CODE_SIGN_STYLE = Automatic;
				DEVELOPMENT_TEAM = 2FT28A9D5B;
				INFOPLIST_FILE = DhelpApp/Info.plist;
				LD_RUNPATH_SEARCH_PATHS = (
					"$(inherited)",
					"@executable_path/Frameworks",
				);
				PRODUCT_BUNDLE_IDENTIFIER = com.rezz.DhelpApp;
				PRODUCT_NAME = "$(TARGET_NAME)";
				SWIFT_VERSION = 5.0;
				TARGETED_DEVICE_FAMILY = "1,2";
			};
			name = Debug;
		};
		039024952616268D00BEE919 /* Release */ = {
			isa = XCBuildConfiguration;
			buildSettings = {
				ASSETCATALOG_COMPILER_APPICON_NAME = AppIcon;
				ASSETCATALOG_COMPILER_GLOBAL_ACCENT_COLOR_NAME = AccentColor;
				CODE_SIGN_STYLE = Automatic;
				DEVELOPMENT_TEAM = 2FT28A9D5B;
				INFOPLIST_FILE = DhelpApp/Info.plist;
				LD_RUNPATH_SEARCH_PATHS = (
					"$(inherited)",
					"@executable_path/Frameworks",
				);
				PRODUCT_BUNDLE_IDENTIFIER = com.rezz.DhelpApp;
				PRODUCT_NAME = "$(TARGET_NAME)";
				SWIFT_VERSION = 5.0;
				TARGETED_DEVICE_FAMILY = "1,2";
			};
			name = Release;
		};
/* End XCBuildConfiguration section */

/* Begin XCConfigurationList section */
		039024772616268C00BEE919 /* Build configuration list for PBXProject "DhelpApp" */ = {
			isa = XCConfigurationList;
			buildConfigurations = (
				039024912616268D00BEE919 /* Debug */,
				039024922616268D00BEE919 /* Release */,
			);
			defaultConfigurationIsVisible = 0;
			defaultConfigurationName = Release;
		};
		039024932616268D00BEE919 /* Build configuration list for PBXNativeTarget "DhelpApp" */ = {
			isa = XCConfigurationList;
			buildConfigurations = (
				039024942616268D00BEE919 /* Debug */,
				039024952616268D00BEE919 /* Release */,
			);
			defaultConfigurationIsVisible = 0;
			defaultConfigurationName = Release;
		};
/* End XCConfigurationList section */

/* Begin XCVersionGroup section */
		039024882616268C00BEE919 /* DhelpApp.xcdatamodeld */ = {
			isa = XCVersionGroup;
			children = (
				039024892616268C00BEE919 /* DhelpApp.xcdatamodel */,
			);
			currentVersion = 039024892616268C00BEE919 /* DhelpApp.xcdatamodel */;
			path = DhelpApp.xcdatamodeld;
			sourceTree = "<group>";
			versionGroupType = wrapper.xcdatamodel;
		};
/* End XCVersionGroup section */
	};
	rootObject = 039024742616268C00BEE919 /* Project object */;
}
